
Microsoft Visual Studio Solution File, Format Version 12.00
Project("{FAE04EC0-301F-11D3-BF4B-00C04F79EFBC}") = "RevertReaperNerf", "RevertReaperNerf\RevertReaperNerf.csproj", "{EA982436-DC73-42F2-AFBA-0721FDACF0A4}"
EndProject
Global
	GlobalSection(SolutionConfigurationPlatforms) = preSolution
		Debug|Any CPU = Debug|Any CPU
		Release|Any CPU = Release|Any CPU
	EndGlobalSection
	GlobalSection(ProjectConfigurationPlatforms) = postSolution
		{EA982436-DC73-42F2-AFBA-0721FDACF0A4}.Debug|Any CPU.ActiveCfg = Debug|Any CPU
		{EA982436-DC73-42F2-AFBA-0721FDACF0A4}.Debug|Any CPU.Build.0 = Debug|Any CPU
		{EA982436-DC73-42F2-AFBA-0721FDACF0A4}.Release|Any CPU.ActiveCfg = Release|Any CPU
		{EA982436-DC73-42F2-AFBA-0721FDACF0A4}.Release|Any CPU.Build.0 = Release|Any CPU
	EndGlobalSection
EndGlobal
